
Microsoft Visual Studio Solution File, Format Version 12.00
# Visual Studio Version 17
VisualStudioVersion = 17.5.33516.290
MinimumVisualStudioVersion = 10.0.40219.1
Project("{9A19103F-16F7-4668-BE54-9A1E7A4F7556}") = "ReportService", "ReportService.csproj", "{D56CA064-1758-4C48-BBAB-6327C6BD710D}"
EndProject
Global
	GlobalSection(SolutionConfigurationPlatforms) = preSolution
		Debug|Any CPU = Debug|Any CPU
		Release|Any CPU = Release|Any CPU
	EndGlobalSection
	GlobalSection(ProjectConfigurationPlatforms) = postSolution
		{D56CA064-1758-4C48-BBAB-6327C6BD710D}.Debug|Any CPU.ActiveCfg = Debug|Any CPU
		{D56CA064-1758-4C48-BBAB-6327C6BD710D}.Debug|Any CPU.Build.0 = Debug|Any CPU
		{D56CA064-1758-4C48-BBAB-6327C6BD710D}.Release|Any CPU.ActiveCfg = Release|Any CPU
		{D56CA064-1758-4C48-BBAB-6327C6BD710D}.Release|Any CPU.Build.0 = Release|Any CPU
	EndGlobalSection
	GlobalSection(SolutionProperties) = preSolution
		HideSolutionNode = FALSE
	EndGlobalSection
	GlobalSection(ExtensibilityGlobals) = postSolution
		SolutionGuid = {A7C6263A-9BB3-411E-9E18-4CB7694CB168}
	EndGlobalSection
EndGlobal
